// !$*UTF8*$!
{
	archiveVersion = 1;
	classes = {
	};
	objectVersion = 56;
	objects = {

/* Begin PBXBuildFile section */
		272500892B30937A000531B7 /* SnapKit in Frameworks */ = {isa = PBXBuildFile; productRef = 272500882B30937A000531B7 /* SnapKit */; };
		272500902B3B0306000531B7 /* CanvasViewController.swift in Sources */ = {isa = PBXBuildFile; fileRef = 2725008F2B3B0306000531B7 /* CanvasViewController.swift */; };
		272500922B3B030D000531B7 /* TimingViewController.swift in Sources */ = {isa = PBXBuildFile; fileRef = 272500912B3B030D000531B7 /* TimingViewController.swift */; };
		272500952B3C285B000531B7 /* AudioViewController.swift in Sources */ = {isa = PBXBuildFile; fileRef = 272500942B3C285B000531B7 /* AudioViewController.swift */; };
		272500972B3C5518000531B7 /* CustomPresentation.swift in Sources */ = {isa = PBXBuildFile; fileRef = 272500962B3C5518000531B7 /* CustomPresentation.swift */; };
		27527D082B4D53BA00826BE4 /* Localizable.xcstrings in Resources */ = {isa = PBXBuildFile; fileRef = 27527D072B4D53BA00826BE4 /* Localizable.xcstrings */; };
		275D30122B162AEC00BED542 /* AppDelegate.swift in Sources */ = {isa = PBXBuildFile; fileRef = 275D30112B162AEC00BED542 /* AppDelegate.swift */; };
		275D30142B162AEC00BED542 /* SceneDelegate.swift in Sources */ = {isa = PBXBuildFile; fileRef = 275D30132B162AEC00BED542 /* SceneDelegate.swift */; };
		275D301B2B162AED00BED542 /* Assets.xcassets in Resources */ = {isa = PBXBuildFile; fileRef = 275D301A2B162AED00BED542 /* Assets.xcassets */; };
		275D301E2B162AED00BED542 /* LaunchScreen.storyboard in Resources */ = {isa = PBXBuildFile; fileRef = 275D301C2B162AED00BED542 /* LaunchScreen.storyboard */; };
		275D304B2B177B2F00BED542 /* Coordinator.swift in Sources */ = {isa = PBXBuildFile; fileRef = 275D304A2B177B2F00BED542 /* Coordinator.swift */; };
		275D304D2B177BC300BED542 /* ApplicationCoordinator.swift in Sources */ = {isa = PBXBuildFile; fileRef = 275D304C2B177BC300BED542 /* ApplicationCoordinator.swift */; };
		275D30532B17822900BED542 /* OnboardingViewController.swift in Sources */ = {isa = PBXBuildFile; fileRef = 275D30522B17822900BED542 /* OnboardingViewController.swift */; };
		275D30572B17866600BED542 /* HomeViewController.swift in Sources */ = {isa = PBXBuildFile; fileRef = 275D30562B17866600BED542 /* HomeViewController.swift */; };
		275D305B2B18C49000BED542 /* Settings.swift in Sources */ = {isa = PBXBuildFile; fileRef = 275D305A2B18C49000BED542 /* Settings.swift */; };
		275D30602B1F4C2400BED542 /* SlideEditorViewController.swift in Sources */ = {isa = PBXBuildFile; fileRef = 275D305F2B1F4C2400BED542 /* SlideEditorViewController.swift */; };
		275D30652B1F55EA00BED542 /* InfoViewController.swift in Sources */ = {isa = PBXBuildFile; fileRef = 275D30642B1F55EA00BED542 /* InfoViewController.swift */; };
		276F54D32B5EAE0C00619408 /* CustomSlider.swift in Sources */ = {isa = PBXBuildFile; fileRef = 276F54D22B5EAE0B00619408 /* CustomSlider.swift */; };
		276F54D52B5FF44600619408 /* Gilroy-SemiBold.ttf in Resources */ = {isa = PBXBuildFile; fileRef = 276F54D42B5FF44600619408 /* Gilroy-SemiBold.ttf */; };
		276F54D72B5FF47100619408 /* Gilroy-Medium.ttf in Resources */ = {isa = PBXBuildFile; fileRef = 276F54D62B5FF47100619408 /* Gilroy-Medium.ttf */; };
		276F54D92B611E5200619408 /* CustomLabel.swift in Sources */ = {isa = PBXBuildFile; fileRef = 276F54D82B611E5200619408 /* CustomLabel.swift */; };
		276F54DF2B61520D00619408 /* CustomButton.swift in Sources */ = {isa = PBXBuildFile; fileRef = 276F54DE2B61520D00619408 /* CustomButton.swift */; };
		2790DABB2B50350F003F72AF /* VideoCreator.swift in Sources */ = {isa = PBXBuildFile; fileRef = 2790DABA2B50350F003F72AF /* VideoCreator.swift */; };
		2790DABE2B518390003F72AF /* VideoInfo.swift in Sources */ = {isa = PBXBuildFile; fileRef = 2790DABD2B518390003F72AF /* VideoInfo.swift */; };
		27E6804E2B55666F000B7D8F /* FirstSlideShowView.swift in Sources */ = {isa = PBXBuildFile; fileRef = 27E6804D2B55666F000B7D8F /* FirstSlideShowView.swift */; };
		27E680542B56B689000B7D8F /* gilroy-bold.ttf in Resources */ = {isa = PBXBuildFile; fileRef = 27E680532B56B689000B7D8F /* gilroy-bold.ttf */; };
		27FCF9702B2B2F7C0085F97D /* ImageCell.swift in Sources */ = {isa = PBXBuildFile; fileRef = 27FCF96F2B2B2F7C0085F97D /* ImageCell.swift */; };
/* End PBXBuildFile section */

/* Begin PBXFileReference section */
		2725008F2B3B0306000531B7 /* CanvasViewController.swift */ = {isa = PBXFileReference; fileEncoding = 4; lastKnownFileType = sourcecode.swift; path = CanvasViewController.swift; sourceTree = "<group>"; };
		272500912B3B030D000531B7 /* TimingViewController.swift */ = {isa = PBXFileReference; fileEncoding = 4; lastKnownFileType = sourcecode.swift; path = TimingViewController.swift; sourceTree = "<group>"; };
		272500942B3C285B000531B7 /* AudioViewController.swift */ = {isa = PBXFileReference; lastKnownFileType = sourcecode.swift; path = AudioViewController.swift; sourceTree = "<group>"; };
		272500962B3C5518000531B7 /* CustomPresentation.swift */ = {isa = PBXFileReference; lastKnownFileType = sourcecode.swift; path = CustomPresentation.swift; sourceTree = "<group>"; };
		27527D072B4D53BA00826BE4 /* Localizable.xcstrings */ = {isa = PBXFileReference; lastKnownFileType = text.json.xcstrings; path = Localizable.xcstrings; sourceTree = "<group>"; };
		275D300E2B162AEC00BED542 /* SlideShowMaker.app */ = {isa = PBXFileReference; explicitFileType = wrapper.application; includeInIndex = 0; path = SlideShowMaker.app; sourceTree = BUILT_PRODUCTS_DIR; };
		275D30112B162AEC00BED542 /* AppDelegate.swift */ = {isa = PBXFileReference; lastKnownFileType = sourcecode.swift; path = AppDelegate.swift; sourceTree = "<group>"; };
		275D30132B162AEC00BED542 /* SceneDelegate.swift */ = {isa = PBXFileReference; lastKnownFileType = sourcecode.swift; path = SceneDelegate.swift; sourceTree = "<group>"; };
		275D301A2B162AED00BED542 /* Assets.xcassets */ = {isa = PBXFileReference; lastKnownFileType = folder.assetcatalog; path = Assets.xcassets; sourceTree = "<group>"; };
		275D301D2B162AED00BED542 /* Base */ = {isa = PBXFileReference; lastKnownFileType = file.storyboard; name = Base; path = Base.lproj/LaunchScreen.storyboard; sourceTree = "<group>"; };
		275D301F2B162AED00BED542 /* Info.plist */ = {isa = PBXFileReference; lastKnownFileType = text.plist.xml; path = Info.plist; sourceTree = "<group>"; };
		275D304A2B177B2F00BED542 /* Coordinator.swift */ = {isa = PBXFileReference; lastKnownFileType = sourcecode.swift; path = Coordinator.swift; sourceTree = "<group>"; };
		275D304C2B177BC300BED542 /* ApplicationCoordinator.swift */ = {isa = PBXFileReference; lastKnownFileType = sourcecode.swift; path = ApplicationCoordinator.swift; sourceTree = "<group>"; };
		275D30522B17822900BED542 /* OnboardingViewController.swift */ = {isa = PBXFileReference; lastKnownFileType = sourcecode.swift; path = OnboardingViewController.swift; sourceTree = "<group>"; };
		275D30562B17866600BED542 /* HomeViewController.swift */ = {isa = PBXFileReference; lastKnownFileType = sourcecode.swift; path = HomeViewController.swift; sourceTree = "<group>"; };
		275D305A2B18C49000BED542 /* Settings.swift */ = {isa = PBXFileReference; lastKnownFileType = sourcecode.swift; path = Settings.swift; sourceTree = "<group>"; };
		275D305F2B1F4C2400BED542 /* SlideEditorViewController.swift */ = {isa = PBXFileReference; lastKnownFileType = sourcecode.swift; path = SlideEditorViewController.swift; sourceTree = "<group>"; };
		275D30642B1F55EA00BED542 /* InfoViewController.swift */ = {isa = PBXFileReference; lastKnownFileType = sourcecode.swift; path = InfoViewController.swift; sourceTree = "<group>"; };
		276F54D22B5EAE0B00619408 /* CustomSlider.swift */ = {isa = PBXFileReference; lastKnownFileType = sourcecode.swift; path = CustomSlider.swift; sourceTree = "<group>"; };
		276F54D42B5FF44600619408 /* Gilroy-SemiBold.ttf */ = {isa = PBXFileReference; lastKnownFileType = file; path = "Gilroy-SemiBold.ttf"; sourceTree = "<group>"; };
		276F54D62B5FF47100619408 /* Gilroy-Medium.ttf */ = {isa = PBXFileReference; lastKnownFileType = file; path = "Gilroy-Medium.ttf"; sourceTree = "<group>"; };
		276F54D82B611E5200619408 /* CustomLabel.swift */ = {isa = PBXFileReference; lastKnownFileType = sourcecode.swift; path = CustomLabel.swift; sourceTree = "<group>"; };
		276F54DE2B61520D00619408 /* CustomButton.swift */ = {isa = PBXFileReference; lastKnownFileType = sourcecode.swift; path = CustomButton.swift; sourceTree = "<group>"; };
		2790DABA2B50350F003F72AF /* VideoCreator.swift */ = {isa = PBXFileReference; lastKnownFileType = sourcecode.swift; path = VideoCreator.swift; sourceTree = "<group>"; };
		2790DABD2B518390003F72AF /* VideoInfo.swift */ = {isa = PBXFileReference; lastKnownFileType = sourcecode.swift; path = VideoInfo.swift; sourceTree = "<group>"; };
		27E6804D2B55666F000B7D8F /* FirstSlideShowView.swift */ = {isa = PBXFileReference; lastKnownFileType = sourcecode.swift; path = FirstSlideShowView.swift; sourceTree = "<group>"; };
		27E680532B56B689000B7D8F /* gilroy-bold.ttf */ = {isa = PBXFileReference; lastKnownFileType = file; path = "gilroy-bold.ttf"; sourceTree = "<group>"; };
		27FCF96F2B2B2F7C0085F97D /* ImageCell.swift */ = {isa = PBXFileReference; lastKnownFileType = sourcecode.swift; path = ImageCell.swift; sourceTree = "<group>"; };
/* End PBXFileReference section */

/* Begin PBXFrameworksBuildPhase section */
		275D300B2B162AEC00BED542 /* Frameworks */ = {
			isa = PBXFrameworksBuildPhase;
			buildActionMask = 2147483647;
			files = (
				272500892B30937A000531B7 /* SnapKit in Frameworks */,
			);
			runOnlyForDeploymentPostprocessing = 0;
		};
/* End PBXFrameworksBuildPhase section */

/* Begin PBXGroup section */
		272500932B3C25CF000531B7 /* TollBar */ = {
			isa = PBXGroup;
			children = (
				272500982B3C65F8000531B7 /* Canvas */,
				272500992B3C6603000531B7 /* Timing */,
				2725009A2B3C6611000531B7 /* Audio */,
				272500962B3C5518000531B7 /* CustomPresentation.swift */,
			);
			path = TollBar;
			sourceTree = "<group>";
		};
		272500982B3C65F8000531B7 /* Canvas */ = {
			isa = PBXGroup;
			children = (
				2725008F2B3B0306000531B7 /* CanvasViewController.swift */,
			);
			path = Canvas;
			sourceTree = "<group>";
		};
		272500992B3C6603000531B7 /* Timing */ = {
			isa = PBXGroup;
			children = (
				272500912B3B030D000531B7 /* TimingViewController.swift */,
				276F54D22B5EAE0B00619408 /* CustomSlider.swift */,
				276F54D82B611E5200619408 /* CustomLabel.swift */,
			);
			path = Timing;
			sourceTree = "<group>";
		};
		2725009A2B3C6611000531B7 /* Audio */ = {
			isa = PBXGroup;
			children = (
				272500942B3C285B000531B7 /* AudioViewController.swift */,
			);
			path = Audio;
			sourceTree = "<group>";
		};
		275D30052B162AEB00BED542 = {
			isa = PBXGroup;
			children = (
				275D30102B162AEC00BED542 /* SlideShowMaker */,
				275D300F2B162AEC00BED542 /* Products */,
			);
			sourceTree = "<group>";
		};
		275D300F2B162AEC00BED542 /* Products */ = {
			isa = PBXGroup;
			children = (
				275D300E2B162AEC00BED542 /* SlideShowMaker.app */,
			);
			name = Products;
			sourceTree = "<group>";
		};
		275D30102B162AEC00BED542 /* SlideShowMaker */ = {
			isa = PBXGroup;
			children = (
				2790DAB92B5034D7003F72AF /* Managers */,
				275D30252B162C3A00BED542 /* Application */,
				275D305E2B1F42A000BED542 /* Coordinator */,
				275D304E2B177F5E00BED542 /* OnboardingFlow */,
				275D30262B162C5500BED542 /* Resources */,
				275D30622B1F53AD00BED542 /* SlideShowFlow */,
			);
			path = SlideShowMaker;
			sourceTree = "<group>";
		};
		275D30252B162C3A00BED542 /* Application */ = {
			isa = PBXGroup;
			children = (
				275D30112B162AEC00BED542 /* AppDelegate.swift */,
				275D30132B162AEC00BED542 /* SceneDelegate.swift */,
				275D305A2B18C49000BED542 /* Settings.swift */,
			);
			path = Application;
			sourceTree = "<group>";
		};
		275D30262B162C5500BED542 /* Resources */ = {
			isa = PBXGroup;
			children = (
				27E680522B56B674000B7D8F /* Fonts */,
				275D301C2B162AED00BED542 /* LaunchScreen.storyboard */,
				275D301A2B162AED00BED542 /* Assets.xcassets */,
				275D301F2B162AED00BED542 /* Info.plist */,
				27527D072B4D53BA00826BE4 /* Localizable.xcstrings */,
			);
			path = Resources;
			sourceTree = "<group>";
		};
		275D30492B177B1700BED542 /* Protocols */ = {
			isa = PBXGroup;
			children = (
				275D304A2B177B2F00BED542 /* Coordinator.swift */,
			);
			path = Protocols;
			sourceTree = "<group>";
		};
		275D304E2B177F5E00BED542 /* OnboardingFlow */ = {
			isa = PBXGroup;
			children = (
				275D30522B17822900BED542 /* OnboardingViewController.swift */,
			);
			path = OnboardingFlow;
			sourceTree = "<group>";
		};
		275D304F2B177F6B00BED542 /* Home */ = {
			isa = PBXGroup;
			children = (
				27E6804F2B568219000B7D8F /* Views */,
				275D30562B17866600BED542 /* HomeViewController.swift */,
			);
			path = Home;
			sourceTree = "<group>";
		};
		275D305E2B1F42A000BED542 /* Coordinator */ = {
			isa = PBXGroup;
			children = (
				275D304C2B177BC300BED542 /* ApplicationCoordinator.swift */,
				275D30492B177B1700BED542 /* Protocols */,
			);
			path = Coordinator;
			sourceTree = "<group>";
		};
		275D30612B1F537100BED542 /* SlideEditor */ = {
			isa = PBXGroup;
			children = (
				276F54DD2B6151F800619408 /* Views */,
				272500932B3C25CF000531B7 /* TollBar */,
				275D305F2B1F4C2400BED542 /* SlideEditorViewController.swift */,
				27FCF96F2B2B2F7C0085F97D /* ImageCell.swift */,
				2790DABD2B518390003F72AF /* VideoInfo.swift */,
			);
			path = SlideEditor;
			sourceTree = "<group>";
		};
		275D30622B1F53AD00BED542 /* SlideShowFlow */ = {
			isa = PBXGroup;
			children = (
				275D30632B1F53E000BED542 /* Info */,
				275D304F2B177F6B00BED542 /* Home */,
				275D30612B1F537100BED542 /* SlideEditor */,
			);
			path = SlideShowFlow;
			sourceTree = "<group>";
		};
		275D30632B1F53E000BED542 /* Info */ = {
			isa = PBXGroup;
			children = (
				275D30642B1F55EA00BED542 /* InfoViewController.swift */,
			);
			path = Info;
			sourceTree = "<group>";
		};
		276F54DD2B6151F800619408 /* Views */ = {
			isa = PBXGroup;
			children = (
				276F54DE2B61520D00619408 /* CustomButton.swift */,
			);
			path = Views;
			sourceTree = "<group>";
		};
		2790DAB92B5034D7003F72AF /* Managers */ = {
			isa = PBXGroup;
			children = (
				2790DABA2B50350F003F72AF /* VideoCreator.swift */,
			);
			path = Managers;
			sourceTree = "<group>";
		};
		27E6804F2B568219000B7D8F /* Views */ = {
			isa = PBXGroup;
			children = (
				27E6804D2B55666F000B7D8F /* FirstSlideShowView.swift */,
			);
			path = Views;
			sourceTree = "<group>";
		};
		27E680522B56B674000B7D8F /* Fonts */ = {
			isa = PBXGroup;
			children = (
				27E680532B56B689000B7D8F /* gilroy-bold.ttf */,
				276F54D42B5FF44600619408 /* Gilroy-SemiBold.ttf */,
				276F54D62B5FF47100619408 /* Gilroy-Medium.ttf */,
			);
			path = Fonts;
			sourceTree = "<group>";
		};
/* End PBXGroup section */

/* Begin PBXNativeTarget section */
		275D300D2B162AEC00BED542 /* SlideShowMaker */ = {
			isa = PBXNativeTarget;
			buildConfigurationList = 275D30222B162AED00BED542 /* Build configuration list for PBXNativeTarget "SlideShowMaker" */;
			buildPhases = (
				275D300A2B162AEC00BED542 /* Sources */,
				275D300B2B162AEC00BED542 /* Frameworks */,
				275D300C2B162AEC00BED542 /* Resources */,
				275D30482B173A2700BED542 /* Swiftlint */,
			);
			buildRules = (
			);
			dependencies = (
			);
			name = SlideShowMaker;
			packageProductDependencies = (
				272500882B30937A000531B7 /* SnapKit */,
			);
			productName = SlideShowMaker;
			productReference = 275D300E2B162AEC00BED542 /* SlideShowMaker.app */;
			productType = "com.apple.product-type.application";
		};
/* End PBXNativeTarget section */

/* Begin PBXProject section */
		275D30062B162AEB00BED542 /* Project object */ = {
			isa = PBXProject;
			attributes = {
				BuildIndependentTargetsInParallel = 1;
				LastSwiftUpdateCheck = 1500;
				LastUpgradeCheck = 1500;
				TargetAttributes = {
					275D300D2B162AEC00BED542 = {
						CreatedOnToolsVersion = 15.0.1;
					};
				};
			};
			buildConfigurationList = 275D30092B162AEB00BED542 /* Build configuration list for PBXProject "SlideShowMaker" */;
			compatibilityVersion = "Xcode 14.0";
			developmentRegion = en;
			hasScannedForEncodings = 0;
			knownRegions = (
				en,
				Base,
			);
			mainGroup = 275D30052B162AEB00BED542;
			packageReferences = (
				272500872B30937A000531B7 /* XCRemoteSwiftPackageReference "SnapKit" */,
			);
			productRefGroup = 275D300F2B162AEC00BED542 /* Products */;
			projectDirPath = "";
			projectRoot = "";
			targets = (
				275D300D2B162AEC00BED542 /* SlideShowMaker */,
			);
		};
/* End PBXProject section */

/* Begin PBXResourcesBuildPhase section */
		275D300C2B162AEC00BED542 /* Resources */ = {
			isa = PBXResourcesBuildPhase;
			buildActionMask = 2147483647;
			files = (
				275D301E2B162AED00BED542 /* LaunchScreen.storyboard in Resources */,
				276F54D72B5FF47100619408 /* Gilroy-Medium.ttf in Resources */,
				275D301B2B162AED00BED542 /* Assets.xcassets in Resources */,
				27527D082B4D53BA00826BE4 /* Localizable.xcstrings in Resources */,
				276F54D52B5FF44600619408 /* Gilroy-SemiBold.ttf in Resources */,
				27E680542B56B689000B7D8F /* gilroy-bold.ttf in Resources */,
			);
			runOnlyForDeploymentPostprocessing = 0;
		};
/* End PBXResourcesBuildPhase section */

/* Begin PBXShellScriptBuildPhase section */
		275D30482B173A2700BED542 /* Swiftlint */ = {
			isa = PBXShellScriptBuildPhase;
			alwaysOutOfDate = 1;
			buildActionMask = 2147483647;
			files = (
			);
			inputFileListPaths = (
			);
			inputPaths = (
			);
			name = Swiftlint;
			outputFileListPaths = (
			);
			outputPaths = (
			);
			runOnlyForDeploymentPostprocessing = 0;
			shellPath = /bin/sh;
			shellScript = "if [[ \"$(uname -m)\" == arm64 ]]; then\n    export PATH=\"/opt/homebrew/bin:$PATH\"\nfi\n\nif which swiftlint > /dev/null; then\n  swiftlint\nelse\n  echo \"warning: SwiftLint not installed, download from https://github.com/realm/SwiftLint\"\nfi\n";
		};
/* End PBXShellScriptBuildPhase section */

/* Begin PBXSourcesBuildPhase section */
		275D300A2B162AEC00BED542 /* Sources */ = {
			isa = PBXSourcesBuildPhase;
			buildActionMask = 2147483647;
			files = (
				272500972B3C5518000531B7 /* CustomPresentation.swift in Sources */,
				276F54D32B5EAE0C00619408 /* CustomSlider.swift in Sources */,
				276F54D92B611E5200619408 /* CustomLabel.swift in Sources */,
				272500922B3B030D000531B7 /* TimingViewController.swift in Sources */,
				276F54DF2B61520D00619408 /* CustomButton.swift in Sources */,
				275D304D2B177BC300BED542 /* ApplicationCoordinator.swift in Sources */,
				275D304B2B177B2F00BED542 /* Coordinator.swift in Sources */,
				275D305B2B18C49000BED542 /* Settings.swift in Sources */,
				275D30532B17822900BED542 /* OnboardingViewController.swift in Sources */,
				275D30572B17866600BED542 /* HomeViewController.swift in Sources */,
				275D30602B1F4C2400BED542 /* SlideEditorViewController.swift in Sources */,
				275D30122B162AEC00BED542 /* AppDelegate.swift in Sources */,
				275D30142B162AEC00BED542 /* SceneDelegate.swift in Sources */,
				2790DABB2B50350F003F72AF /* VideoCreator.swift in Sources */,
				275D30652B1F55EA00BED542 /* InfoViewController.swift in Sources */,
				27FCF9702B2B2F7C0085F97D /* ImageCell.swift in Sources */,
				2790DABE2B518390003F72AF /* VideoInfo.swift in Sources */,
				27E6804E2B55666F000B7D8F /* FirstSlideShowView.swift in Sources */,
				272500902B3B0306000531B7 /* CanvasViewController.swift in Sources */,
				272500952B3C285B000531B7 /* AudioViewController.swift in Sources */,
			);
			runOnlyForDeploymentPostprocessing = 0;
		};
/* End PBXSourcesBuildPhase section */

/* Begin PBXVariantGroup section */
		275D301C2B162AED00BED542 /* LaunchScreen.storyboard */ = {
			isa = PBXVariantGroup;
			children = (
				275D301D2B162AED00BED542 /* Base */,
			);
			name = LaunchScreen.storyboard;
			sourceTree = "<group>";
		};
/* End PBXVariantGroup section */

/* Begin XCBuildConfiguration section */
		275D30202B162AED00BED542 /* Debug */ = {
			isa = XCBuildConfiguration;
			buildSettings = {
				ALWAYS_SEARCH_USER_PATHS = NO;
				ASSETCATALOG_COMPILER_GENERATE_SWIFT_ASSET_SYMBOL_EXTENSIONS = YES;
				CLANG_ANALYZER_NONNULL = YES;
				CLANG_ANALYZER_NUMBER_OBJECT_CONVERSION = YES_AGGRESSIVE;
				CLANG_CXX_LANGUAGE_STANDARD = "gnu++20";
				CLANG_ENABLE_MODULES = YES;
				CLANG_ENABLE_OBJC_ARC = YES;
				CLANG_ENABLE_OBJC_WEAK = YES;
				CLANG_WARN_BLOCK_CAPTURE_AUTORELEASING = YES;
				CLANG_WARN_BOOL_CONVERSION = YES;
				CLANG_WARN_COMMA = YES;
				CLANG_WARN_CONSTANT_CONVERSION = YES;
				CLANG_WARN_DEPRECATED_OBJC_IMPLEMENTATIONS = YES;
				CLANG_WARN_DIRECT_OBJC_ISA_USAGE = YES_ERROR;
				CLANG_WARN_DOCUMENTATION_COMMENTS = YES;
				CLANG_WARN_EMPTY_BODY = YES;
				CLANG_WARN_ENUM_CONVERSION = YES;
				CLANG_WARN_INFINITE_RECURSION = YES;
				CLANG_WARN_INT_CONVERSION = YES;
				CLANG_WARN_NON_LITERAL_NULL_CONVERSION = YES;
				CLANG_WARN_OBJC_IMPLICIT_RETAIN_SELF = YES;
				CLANG_WARN_OBJC_LITERAL_CONVERSION = YES;
				CLANG_WARN_OBJC_ROOT_CLASS = YES_ERROR;
				CLANG_WARN_QUOTED_INCLUDE_IN_FRAMEWORK_HEADER = YES;
				CLANG_WARN_RANGE_LOOP_ANALYSIS = YES;
				CLANG_WARN_STRICT_PROTOTYPES = YES;
				CLANG_WARN_SUSPICIOUS_MOVE = YES;
				CLANG_WARN_UNGUARDED_AVAILABILITY = YES_AGGRESSIVE;
				CLANG_WARN_UNREACHABLE_CODE = YES;
				CLANG_WARN__DUPLICATE_METHOD_MATCH = YES;
				COPY_PHASE_STRIP = NO;
				DEBUG_INFORMATION_FORMAT = dwarf;
				ENABLE_STRICT_OBJC_MSGSEND = YES;
				ENABLE_TESTABILITY = YES;
				ENABLE_USER_SCRIPT_SANDBOXING = YES;
				GCC_C_LANGUAGE_STANDARD = gnu17;
				GCC_DYNAMIC_NO_PIC = NO;
				GCC_NO_COMMON_BLOCKS = YES;
				GCC_OPTIMIZATION_LEVEL = 0;
				GCC_PREPROCESSOR_DEFINITIONS = (
					"DEBUG=1",
					"$(inherited)",
				);
				GCC_WARN_64_TO_32_BIT_CONVERSION = YES;
				GCC_WARN_ABOUT_RETURN_TYPE = YES_ERROR;
				GCC_WARN_UNDECLARED_SELECTOR = YES;
				GCC_WARN_UNINITIALIZED_AUTOS = YES_AGGRESSIVE;
				GCC_WARN_UNUSED_FUNCTION = YES;
				GCC_WARN_UNUSED_VARIABLE = YES;
				IPHONEOS_DEPLOYMENT_TARGET = 17.0;
				LOCALIZATION_PREFERS_STRING_CATALOGS = YES;
				MTL_ENABLE_DEBUG_INFO = INCLUDE_SOURCE;
				MTL_FAST_MATH = YES;
				ONLY_ACTIVE_ARCH = YES;
				SDKROOT = iphoneos;
				SWIFT_ACTIVE_COMPILATION_CONDITIONS = "DEBUG $(inherited)";
				SWIFT_OPTIMIZATION_LEVEL = "-Onone";
			};
			name = Debug;
		};
		275D30212B162AED00BED542 /* Release */ = {
			isa = XCBuildConfiguration;
			buildSettings = {
				ALWAYS_SEARCH_USER_PATHS = NO;
				ASSETCATALOG_COMPILER_GENERATE_SWIFT_ASSET_SYMBOL_EXTENSIONS = YES;
				CLANG_ANALYZER_NONNULL = YES;
				CLANG_ANALYZER_NUMBER_OBJECT_CONVERSION = YES_AGGRESSIVE;
				CLANG_CXX_LANGUAGE_STANDARD = "gnu++20";
				CLANG_ENABLE_MODULES = YES;
				CLANG_ENABLE_OBJC_ARC = YES;
				CLANG_ENABLE_OBJC_WEAK = YES;
				CLANG_WARN_BLOCK_CAPTURE_AUTORELEASING = YES;
				CLANG_WARN_BOOL_CONVERSION = YES;
				CLANG_WARN_COMMA = YES;
				CLANG_WARN_CONSTANT_CONVERSION = YES;
				CLANG_WARN_DEPRECATED_OBJC_IMPLEMENTATIONS = YES;
				CLANG_WARN_DIRECT_OBJC_ISA_USAGE = YES_ERROR;
				CLANG_WARN_DOCUMENTATION_COMMENTS = YES;
				CLANG_WARN_EMPTY_BODY = YES;
				CLANG_WARN_ENUM_CONVERSION = YES;
				CLANG_WARN_INFINITE_RECURSION = YES;
				CLANG_WARN_INT_CONVERSION = YES;
				CLANG_WARN_NON_LITERAL_NULL_CONVERSION = YES;
				CLANG_WARN_OBJC_IMPLICIT_RETAIN_SELF = YES;
				CLANG_WARN_OBJC_LITERAL_CONVERSION = YES;
				CLANG_WARN_OBJC_ROOT_CLASS = YES_ERROR;
				CLANG_WARN_QUOTED_INCLUDE_IN_FRAMEWORK_HEADER = YES;
				CLANG_WARN_RANGE_LOOP_ANALYSIS = YES;
				CLANG_WARN_STRICT_PROTOTYPES = YES;
				CLANG_WARN_SUSPICIOUS_MOVE = YES;
				CLANG_WARN_UNGUARDED_AVAILABILITY = YES_AGGRESSIVE;
				CLANG_WARN_UNREACHABLE_CODE = YES;
				CLANG_WARN__DUPLICATE_METHOD_MATCH = YES;
				COPY_PHASE_STRIP = NO;
				DEBUG_INFORMATION_FORMAT = "dwarf-with-dsym";
				ENABLE_NS_ASSERTIONS = NO;
				ENABLE_STRICT_OBJC_MSGSEND = YES;
				ENABLE_USER_SCRIPT_SANDBOXING = YES;
				GCC_C_LANGUAGE_STANDARD = gnu17;
				GCC_NO_COMMON_BLOCKS = YES;
				GCC_WARN_64_TO_32_BIT_CONVERSION = YES;
				GCC_WARN_ABOUT_RETURN_TYPE = YES_ERROR;
				GCC_WARN_UNDECLARED_SELECTOR = YES;
				GCC_WARN_UNINITIALIZED_AUTOS = YES_AGGRESSIVE;
				GCC_WARN_UNUSED_FUNCTION = YES;
				GCC_WARN_UNUSED_VARIABLE = YES;
				IPHONEOS_DEPLOYMENT_TARGET = 17.0;
				LOCALIZATION_PREFERS_STRING_CATALOGS = YES;
				MTL_ENABLE_DEBUG_INFO = NO;
				MTL_FAST_MATH = YES;
				SDKROOT = iphoneos;
				SWIFT_COMPILATION_MODE = wholemodule;
				VALIDATE_PRODUCT = YES;
			};
			name = Release;
		};
		275D30232B162AED00BED542 /* Debug */ = {
			isa = XCBuildConfiguration;
			buildSettings = {
				ASSETCATALOG_COMPILER_APPICON_NAME = AppIcon;
				ASSETCATALOG_COMPILER_GLOBAL_ACCENT_COLOR_NAME = AccentColor;
				CODE_SIGN_STYLE = Automatic;
				CURRENT_PROJECT_VERSION = 1;
				DEVELOPMENT_TEAM = 9YW4L3WZ5R;
				ENABLE_USER_SCRIPT_SANDBOXING = NO;
				GENERATE_INFOPLIST_FILE = YES;
				INFOPLIST_FILE = SlideShowMaker/Resources/Info.plist;
				INFOPLIST_KEY_NSPhotoLibraryUsageDescription = "we need it";
				INFOPLIST_KEY_UIApplicationSupportsIndirectInputEvents = YES;
				INFOPLIST_KEY_UILaunchStoryboardName = LaunchScreen;
				INFOPLIST_KEY_UISupportedInterfaceOrientations = UIInterfaceOrientationPortrait;
				INFOPLIST_KEY_UISupportedInterfaceOrientations_iPad = "UIInterfaceOrientationLandscapeLeft UIInterfaceOrientationLandscapeRight UIInterfaceOrientationPortrait UIInterfaceOrientationPortraitUpsideDown";
				IPHONEOS_DEPLOYMENT_TARGET = 16.0;
				LD_RUNPATH_SEARCH_PATHS = (
					"$(inherited)",
					"@executable_path/Frameworks",
				);
				MARKETING_VERSION = 1.0;
				PRODUCT_BUNDLE_IDENTIFIER = nikitin.SlideShowMaker;
				PRODUCT_NAME = "$(TARGET_NAME)";
				SUPPORTED_PLATFORMS = "iphoneos iphonesimulator";
				SUPPORTS_MACCATALYST = NO;
				SUPPORTS_MAC_DESIGNED_FOR_IPHONE_IPAD = NO;
				SWIFT_EMIT_LOC_STRINGS = YES;
				SWIFT_VERSION = 5.0;
				TARGETED_DEVICE_FAMILY = 1;
			};
			name = Debug;
		};
		275D30242B162AED00BED542 /* Release */ = {
			isa = XCBuildConfiguration;
			buildSettings = {
				ASSETCATALOG_COMPILER_APPICON_NAME = AppIcon;
				ASSETCATALOG_COMPILER_GLOBAL_ACCENT_COLOR_NAME = AccentColor;
				CODE_SIGN_STYLE = Automatic;
				CURRENT_PROJECT_VERSION = 1;
				DEVELOPMENT_TEAM = 9YW4L3WZ5R;
				ENABLE_USER_SCRIPT_SANDBOXING = NO;
				GENERATE_INFOPLIST_FILE = YES;
				INFOPLIST_FILE = SlideShowMaker/Resources/Info.plist;
				INFOPLIST_KEY_NSPhotoLibraryUsageDescription = "we need it";
				INFOPLIST_KEY_UIApplicationSupportsIndirectInputEvents = YES;
				INFOPLIST_KEY_UILaunchStoryboardName = LaunchScreen;
				INFOPLIST_KEY_UISupportedInterfaceOrientations = UIInterfaceOrientationPortrait;
				INFOPLIST_KEY_UISupportedInterfaceOrientations_iPad = "UIInterfaceOrientationLandscapeLeft UIInterfaceOrientationLandscapeRight UIInterfaceOrientationPortrait UIInterfaceOrientationPortraitUpsideDown";
				IPHONEOS_DEPLOYMENT_TARGET = 16.0;
				LD_RUNPATH_SEARCH_PATHS = (
					"$(inherited)",
					"@executable_path/Frameworks",
				);
				MARKETING_VERSION = 1.0;
				PRODUCT_BUNDLE_IDENTIFIER = nikitin.SlideShowMaker;
				PRODUCT_NAME = "$(TARGET_NAME)";
				SUPPORTED_PLATFORMS = "iphoneos iphonesimulator";
				SUPPORTS_MACCATALYST = NO;
				SUPPORTS_MAC_DESIGNED_FOR_IPHONE_IPAD = NO;
				SWIFT_EMIT_LOC_STRINGS = YES;
				SWIFT_VERSION = 5.0;
				TARGETED_DEVICE_FAMILY = 1;
			};
			name = Release;
		};
/* End XCBuildConfiguration section */

/* Begin XCConfigurationList section */
		275D30092B162AEB00BED542 /* Build configuration list for PBXProject "SlideShowMaker" */ = {
			isa = XCConfigurationList;
			buildConfigurations = (
				275D30202B162AED00BED542 /* Debug */,
				275D30212B162AED00BED542 /* Release */,
			);
			defaultConfigurationIsVisible = 0;
			defaultConfigurationName = Release;
		};
		275D30222B162AED00BED542 /* Build configuration list for PBXNativeTarget "SlideShowMaker" */ = {
			isa = XCConfigurationList;
			buildConfigurations = (
				275D30232B162AED00BED542 /* Debug */,
				275D30242B162AED00BED542 /* Release */,
			);
			defaultConfigurationIsVisible = 0;
			defaultConfigurationName = Release;
		};
/* End XCConfigurationList section */

/* Begin XCRemoteSwiftPackageReference section */
		272500872B30937A000531B7 /* XCRemoteSwiftPackageReference "SnapKit" */ = {
			isa = XCRemoteSwiftPackageReference;
			repositoryURL = "https://github.com/SnapKit/SnapKit.git";
			requirement = {
				kind = upToNextMajorVersion;
				minimumVersion = 5.6.0;
			};
		};
/* End XCRemoteSwiftPackageReference section */

/* Begin XCSwiftPackageProductDependency section */
		272500882B30937A000531B7 /* SnapKit */ = {
			isa = XCSwiftPackageProductDependency;
			package = 272500872B30937A000531B7 /* XCRemoteSwiftPackageReference "SnapKit" */;
			productName = SnapKit;
		};
/* End XCSwiftPackageProductDependency section */
	};
	rootObject = 275D30062B162AEB00BED542 /* Project object */;
}
